<?xml version="1.0" encoding="utf-8"?>
<Project ToolsVersion="17.0" xmlns="http://schemas.microsoft.com/developer/msbuild/2003">
  <ItemGroup>
    <ClCompile Include="D:\QtOCCTApp\build2\libs\shxparser\dual_font_test_autogen\mocs_compilation_Debug.cpp">
      <Filter>Source Files</Filter>
    </ClCompile>
    <ClCompile Include="D:\QtOCCTApp\libs\shxparser\examples\dual_font_test.cpp">
      <Filter>Source Files</Filter>
    </ClCompile>
    <ClCompile Include="D:\QtOCCTApp\build2\libs\shxparser\dual_font_test_autogen\mocs_compilation_Release.cpp">
      <Filter>Source Files</Filter>
    </ClCompile>
    <ClCompile Include="D:\QtOCCTApp\build2\libs\shxparser\dual_font_test_autogen\mocs_compilation_MinSizeRel.cpp">
      <Filter>Source Files</Filter>
    </ClCompile>
    <ClCompile Include="D:\QtOCCTApp\build2\libs\shxparser\dual_font_test_autogen\mocs_compilation_RelWithDebInfo.cpp">
      <Filter>Source Files</Filter>
    </ClCompile>
  </ItemGroup>
  <ItemGroup>
    <CustomBuild Include="D:\QtOCCTApp\libs\shxparser\CMakeLists.txt" />
  </ItemGroup>
  <ItemGroup>
    <Filter Include="Source Files">
      <UniqueIdentifier>{F43B26B7-A594-306E-BB78-C5DF2D5A4EC0}</UniqueIdentifier>
    </Filter>
  </ItemGroup>
</Project>
