
Microsoft Visual Studio Solution File, Format Version 12.00
# Visual Studio Version 17
Project("{8BC9CEB8-8B4A-11D0-8D11-00A0C91BC942}") = "ALL_BUILD", "ALL_BUILD.vcxproj", "{8B1E0E2F-9779-3A63-AABA-D8330CAF882A}"
	ProjectSection(ProjectDependencies) = postProject
		{CCC4C557-9568-3397-9CA0-09E8FD63999B} = {CCC4C557-9568-3397-9CA0-09E8FD63999B}
		{02C42D70-152A-3EF5-91F7-041447331F27} = {02C42D70-152A-3EF5-91F7-041447331F27}
		{542E63D6-4D6F-3221-A2C7-75D69DF9C35D} = {542E63D6-4D6F-3221-A2C7-75D69DF9C35D}
		{28BBD246-BF7A-3BB3-AD6A-539B84ACE571} = {28BBD246-BF7A-3BB3-AD6A-539B84ACE571}
		{1C6A8CBE-0D39-33D7-AE57-80C10A5B14CD} = {1C6A8CBE-0D39-33D7-AE57-80C10A5B14CD}
		{2543A3B0-AD3D-3EFD-BF8D-F13229BD9224} = {2543A3B0-AD3D-3EFD-BF8D-F13229BD9224}
		{90F714D6-5823-33D8-8C7E-1F4B9243F966} = {90F714D6-5823-33D8-8C7E-1F4B9243F966}
		{3AB12809-F1DE-397D-A9AF-6323F5380DF3} = {3AB12809-F1DE-397D-A9AF-6323F5380DF3}
		{17F61D49-7BAE-3E87-BE8E-18FADFB1734B} = {17F61D49-7BAE-3E87-BE8E-18FADFB1734B}
		{02615AA7-249E-36AE-9909-11F7AFCF8022} = {02615AA7-249E-36AE-9909-11F7AFCF8022}
	EndProjectSection
EndProject
Project("{8BC9CEB8-8B4A-11D0-8D11-00A0C91BC942}") = "INSTALL", "INSTALL.vcxproj", "{E8481C8B-C0C9-305F-AD42-49FF905EFDC5}"
	ProjectSection(ProjectDependencies) = postProject
		{8B1E0E2F-9779-3A63-AABA-D8330CAF882A} = {8B1E0E2F-9779-3A63-AABA-D8330CAF882A}
		{02C42D70-152A-3EF5-91F7-041447331F27} = {02C42D70-152A-3EF5-91F7-041447331F27}
	EndProjectSection
EndProject
Project("{8BC9CEB8-8B4A-11D0-8D11-00A0C91BC942}") = "QtOCCTApp", "QtOCCTApp.vcxproj", "{CCC4C557-9568-3397-9CA0-09E8FD63999B}"
	ProjectSection(ProjectDependencies) = postProject
		{02C42D70-152A-3EF5-91F7-041447331F27} = {02C42D70-152A-3EF5-91F7-041447331F27}
		{02615AA7-249E-36AE-9909-11F7AFCF8022} = {02615AA7-249E-36AE-9909-11F7AFCF8022}
	EndProjectSection
EndProject
Project("{8BC9CEB8-8B4A-11D0-8D11-00A0C91BC942}") = "ZERO_CHECK", "ZERO_CHECK.vcxproj", "{02C42D70-152A-3EF5-91F7-041447331F27}"
	ProjectSection(ProjectDependencies) = postProject
	EndProjectSection
EndProject
Project("{8BC9CEB8-8B4A-11D0-8D11-00A0C91BC942}") = "ascii_diag", "libs\shxparser\ascii_diag.vcxproj", "{542E63D6-4D6F-3221-A2C7-75D69DF9C35D}"
	ProjectSection(ProjectDependencies) = postProject
		{02C42D70-152A-3EF5-91F7-041447331F27} = {02C42D70-152A-3EF5-91F7-041447331F27}
		{02615AA7-249E-36AE-9909-11F7AFCF8022} = {02615AA7-249E-36AE-9909-11F7AFCF8022}
	EndProjectSection
EndProject
Project("{8BC9CEB8-8B4A-11D0-8D11-00A0C91BC942}") = "bigfont_test", "libs\shxparser\bigfont_test.vcxproj", "{28BBD246-BF7A-3BB3-AD6A-539B84ACE571}"
	ProjectSection(ProjectDependencies) = postProject
		{02C42D70-152A-3EF5-91F7-041447331F27} = {02C42D70-152A-3EF5-91F7-041447331F27}
		{02615AA7-249E-36AE-9909-11F7AFCF8022} = {02615AA7-249E-36AE-9909-11F7AFCF8022}
	EndProjectSection
EndProject
Project("{8BC9CEB8-8B4A-11D0-8D11-00A0C91BC942}") = "chinese_test", "libs\shxparser\chinese_test.vcxproj", "{1C6A8CBE-0D39-33D7-AE57-80C10A5B14CD}"
	ProjectSection(ProjectDependencies) = postProject
		{02C42D70-152A-3EF5-91F7-041447331F27} = {02C42D70-152A-3EF5-91F7-041447331F27}
		{02615AA7-249E-36AE-9909-11F7AFCF8022} = {02615AA7-249E-36AE-9909-11F7AFCF8022}
	EndProjectSection
EndProject
Project("{8BC9CEB8-8B4A-11D0-8D11-00A0C91BC942}") = "dual_font_test", "libs\shxparser\dual_font_test.vcxproj", "{2543A3B0-AD3D-3EFD-BF8D-F13229BD9224}"
	ProjectSection(ProjectDependencies) = postProject
		{02C42D70-152A-3EF5-91F7-041447331F27} = {02C42D70-152A-3EF5-91F7-041447331F27}
		{02615AA7-249E-36AE-9909-11F7AFCF8022} = {02615AA7-249E-36AE-9909-11F7AFCF8022}
	EndProjectSection
EndProject
Project("{8BC9CEB8-8B4A-11D0-8D11-00A0C91BC942}") = "mixed_test", "libs\shxparser\mixed_test.vcxproj", "{90F714D6-5823-33D8-8C7E-1F4B9243F966}"
	ProjectSection(ProjectDependencies) = postProject
		{02C42D70-152A-3EF5-91F7-041447331F27} = {02C42D70-152A-3EF5-91F7-041447331F27}
		{02615AA7-249E-36AE-9909-11F7AFCF8022} = {02615AA7-249E-36AE-9909-11F7AFCF8022}
	EndProjectSection
EndProject
Project("{8BC9CEB8-8B4A-11D0-8D11-00A0C91BC942}") = "shx_example", "libs\shxparser\shx_example.vcxproj", "{3AB12809-F1DE-397D-A9AF-6323F5380DF3}"
	ProjectSection(ProjectDependencies) = postProject
		{02C42D70-152A-3EF5-91F7-041447331F27} = {02C42D70-152A-3EF5-91F7-041447331F27}
		{02615AA7-249E-36AE-9909-11F7AFCF8022} = {02615AA7-249E-36AE-9909-11F7AFCF8022}
	EndProjectSection
EndProject
Project("{8BC9CEB8-8B4A-11D0-8D11-00A0C91BC942}") = "shx_test", "libs\shxparser\shx_test.vcxproj", "{17F61D49-7BAE-3E87-BE8E-18FADFB1734B}"
	ProjectSection(ProjectDependencies) = postProject
		{02C42D70-152A-3EF5-91F7-041447331F27} = {02C42D70-152A-3EF5-91F7-041447331F27}
		{02615AA7-249E-36AE-9909-11F7AFCF8022} = {02615AA7-249E-36AE-9909-11F7AFCF8022}
	EndProjectSection
EndProject
Project("{8BC9CEB8-8B4A-11D0-8D11-00A0C91BC942}") = "shxparser", "libs\shxparser\shxparser.vcxproj", "{02615AA7-249E-36AE-9909-11F7AFCF8022}"
	ProjectSection(ProjectDependencies) = postProject
		{02C42D70-152A-3EF5-91F7-041447331F27} = {02C42D70-152A-3EF5-91F7-041447331F27}
	EndProjectSection
EndProject
Global
	GlobalSection(SolutionConfigurationPlatforms) = preSolution
		Debug|x64 = Debug|x64
		Release|x64 = Release|x64
		MinSizeRel|x64 = MinSizeRel|x64
		RelWithDebInfo|x64 = RelWithDebInfo|x64
	EndGlobalSection
	GlobalSection(ProjectConfigurationPlatforms) = postSolution
		{8B1E0E2F-9779-3A63-AABA-D8330CAF882A}.Debug|x64.ActiveCfg = Debug|x64
		{8B1E0E2F-9779-3A63-AABA-D8330CAF882A}.Debug|x64.Build.0 = Debug|x64
		{8B1E0E2F-9779-3A63-AABA-D8330CAF882A}.Release|x64.ActiveCfg = Release|x64
		{8B1E0E2F-9779-3A63-AABA-D8330CAF882A}.Release|x64.Build.0 = Release|x64
		{8B1E0E2F-9779-3A63-AABA-D8330CAF882A}.MinSizeRel|x64.ActiveCfg = MinSizeRel|x64
		{8B1E0E2F-9779-3A63-AABA-D8330CAF882A}.MinSizeRel|x64.Build.0 = MinSizeRel|x64
		{8B1E0E2F-9779-3A63-AABA-D8330CAF882A}.RelWithDebInfo|x64.ActiveCfg = RelWithDebInfo|x64
		{8B1E0E2F-9779-3A63-AABA-D8330CAF882A}.RelWithDebInfo|x64.Build.0 = RelWithDebInfo|x64
		{E8481C8B-C0C9-305F-AD42-49FF905EFDC5}.Debug|x64.ActiveCfg = Debug|x64
		{E8481C8B-C0C9-305F-AD42-49FF905EFDC5}.Release|x64.ActiveCfg = Release|x64
		{E8481C8B-C0C9-305F-AD42-49FF905EFDC5}.MinSizeRel|x64.ActiveCfg = MinSizeRel|x64
		{E8481C8B-C0C9-305F-AD42-49FF905EFDC5}.RelWithDebInfo|x64.ActiveCfg = RelWithDebInfo|x64
		{CCC4C557-9568-3397-9CA0-09E8FD63999B}.Debug|x64.ActiveCfg = Debug|x64
		{CCC4C557-9568-3397-9CA0-09E8FD63999B}.Debug|x64.Build.0 = Debug|x64
		{CCC4C557-9568-3397-9CA0-09E8FD63999B}.Release|x64.ActiveCfg = Release|x64
		{CCC4C557-9568-3397-9CA0-09E8FD63999B}.Release|x64.Build.0 = Release|x64
		{CCC4C557-9568-3397-9CA0-09E8FD63999B}.MinSizeRel|x64.ActiveCfg = MinSizeRel|x64
		{CCC4C557-9568-3397-9CA0-09E8FD63999B}.MinSizeRel|x64.Build.0 = MinSizeRel|x64
		{CCC4C557-9568-3397-9CA0-09E8FD63999B}.RelWithDebInfo|x64.ActiveCfg = RelWithDebInfo|x64
		{CCC4C557-9568-3397-9CA0-09E8FD63999B}.RelWithDebInfo|x64.Build.0 = RelWithDebInfo|x64
		{02C42D70-152A-3EF5-91F7-041447331F27}.Debug|x64.ActiveCfg = Debug|x64
		{02C42D70-152A-3EF5-91F7-041447331F27}.Debug|x64.Build.0 = Debug|x64
		{02C42D70-152A-3EF5-91F7-041447331F27}.Release|x64.ActiveCfg = Release|x64
		{02C42D70-152A-3EF5-91F7-041447331F27}.Release|x64.Build.0 = Release|x64
		{02C42D70-152A-3EF5-91F7-041447331F27}.MinSizeRel|x64.ActiveCfg = MinSizeRel|x64
		{02C42D70-152A-3EF5-91F7-041447331F27}.MinSizeRel|x64.Build.0 = MinSizeRel|x64
		{02C42D70-152A-3EF5-91F7-041447331F27}.RelWithDebInfo|x64.ActiveCfg = RelWithDebInfo|x64
		{02C42D70-152A-3EF5-91F7-041447331F27}.RelWithDebInfo|x64.Build.0 = RelWithDebInfo|x64
		{542E63D6-4D6F-3221-A2C7-75D69DF9C35D}.Debug|x64.ActiveCfg = Debug|x64
		{542E63D6-4D6F-3221-A2C7-75D69DF9C35D}.Debug|x64.Build.0 = Debug|x64
		{542E63D6-4D6F-3221-A2C7-75D69DF9C35D}.Release|x64.ActiveCfg = Release|x64
		{542E63D6-4D6F-3221-A2C7-75D69DF9C35D}.Release|x64.Build.0 = Release|x64
		{542E63D6-4D6F-3221-A2C7-75D69DF9C35D}.MinSizeRel|x64.ActiveCfg = MinSizeRel|x64
		{542E63D6-4D6F-3221-A2C7-75D69DF9C35D}.MinSizeRel|x64.Build.0 = MinSizeRel|x64
		{542E63D6-4D6F-3221-A2C7-75D69DF9C35D}.RelWithDebInfo|x64.ActiveCfg = RelWithDebInfo|x64
		{542E63D6-4D6F-3221-A2C7-75D69DF9C35D}.RelWithDebInfo|x64.Build.0 = RelWithDebInfo|x64
		{28BBD246-BF7A-3BB3-AD6A-539B84ACE571}.Debug|x64.ActiveCfg = Debug|x64
		{28BBD246-BF7A-3BB3-AD6A-539B84ACE571}.Debug|x64.Build.0 = Debug|x64
		{28BBD246-BF7A-3BB3-AD6A-539B84ACE571}.Release|x64.ActiveCfg = Release|x64
		{28BBD246-BF7A-3BB3-AD6A-539B84ACE571}.Release|x64.Build.0 = Release|x64
		{28BBD246-BF7A-3BB3-AD6A-539B84ACE571}.MinSizeRel|x64.ActiveCfg = MinSizeRel|x64
		{28BBD246-BF7A-3BB3-AD6A-539B84ACE571}.MinSizeRel|x64.Build.0 = MinSizeRel|x64
		{28BBD246-BF7A-3BB3-AD6A-539B84ACE571}.RelWithDebInfo|x64.ActiveCfg = RelWithDebInfo|x64
		{28BBD246-BF7A-3BB3-AD6A-539B84ACE571}.RelWithDebInfo|x64.Build.0 = RelWithDebInfo|x64
		{1C6A8CBE-0D39-33D7-AE57-80C10A5B14CD}.Debug|x64.ActiveCfg = Debug|x64
		{1C6A8CBE-0D39-33D7-AE57-80C10A5B14CD}.Debug|x64.Build.0 = Debug|x64
		{1C6A8CBE-0D39-33D7-AE57-80C10A5B14CD}.Release|x64.ActiveCfg = Release|x64
		{1C6A8CBE-0D39-33D7-AE57-80C10A5B14CD}.Release|x64.Build.0 = Release|x64
		{1C6A8CBE-0D39-33D7-AE57-80C10A5B14CD}.MinSizeRel|x64.ActiveCfg = MinSizeRel|x64
		{1C6A8CBE-0D39-33D7-AE57-80C10A5B14CD}.MinSizeRel|x64.Build.0 = MinSizeRel|x64
		{1C6A8CBE-0D39-33D7-AE57-80C10A5B14CD}.RelWithDebInfo|x64.ActiveCfg = RelWithDebInfo|x64
		{1C6A8CBE-0D39-33D7-AE57-80C10A5B14CD}.RelWithDebInfo|x64.Build.0 = RelWithDebInfo|x64
		{2543A3B0-AD3D-3EFD-BF8D-F13229BD9224}.Debug|x64.ActiveCfg = Debug|x64
		{2543A3B0-AD3D-3EFD-BF8D-F13229BD9224}.Debug|x64.Build.0 = Debug|x64
		{2543A3B0-AD3D-3EFD-BF8D-F13229BD9224}.Release|x64.ActiveCfg = Release|x64
		{2543A3B0-AD3D-3EFD-BF8D-F13229BD9224}.Release|x64.Build.0 = Release|x64
		{2543A3B0-AD3D-3EFD-BF8D-F13229BD9224}.MinSizeRel|x64.ActiveCfg = MinSizeRel|x64
		{2543A3B0-AD3D-3EFD-BF8D-F13229BD9224}.MinSizeRel|x64.Build.0 = MinSizeRel|x64
		{2543A3B0-AD3D-3EFD-BF8D-F13229BD9224}.RelWithDebInfo|x64.ActiveCfg = RelWithDebInfo|x64
		{2543A3B0-AD3D-3EFD-BF8D-F13229BD9224}.RelWithDebInfo|x64.Build.0 = RelWithDebInfo|x64
		{90F714D6-5823-33D8-8C7E-1F4B9243F966}.Debug|x64.ActiveCfg = Debug|x64
		{90F714D6-5823-33D8-8C7E-1F4B9243F966}.Debug|x64.Build.0 = Debug|x64
		{90F714D6-5823-33D8-8C7E-1F4B9243F966}.Release|x64.ActiveCfg = Release|x64
		{90F714D6-5823-33D8-8C7E-1F4B9243F966}.Release|x64.Build.0 = Release|x64
		{90F714D6-5823-33D8-8C7E-1F4B9243F966}.MinSizeRel|x64.ActiveCfg = MinSizeRel|x64
		{90F714D6-5823-33D8-8C7E-1F4B9243F966}.MinSizeRel|x64.Build.0 = MinSizeRel|x64
		{90F714D6-5823-33D8-8C7E-1F4B9243F966}.RelWithDebInfo|x64.ActiveCfg = RelWithDebInfo|x64
		{90F714D6-5823-33D8-8C7E-1F4B9243F966}.RelWithDebInfo|x64.Build.0 = RelWithDebInfo|x64
		{3AB12809-F1DE-397D-A9AF-6323F5380DF3}.Debug|x64.ActiveCfg = Debug|x64
		{3AB12809-F1DE-397D-A9AF-6323F5380DF3}.Debug|x64.Build.0 = Debug|x64
		{3AB12809-F1DE-397D-A9AF-6323F5380DF3}.Release|x64.ActiveCfg = Release|x64
		{3AB12809-F1DE-397D-A9AF-6323F5380DF3}.Release|x64.Build.0 = Release|x64
		{3AB12809-F1DE-397D-A9AF-6323F5380DF3}.MinSizeRel|x64.ActiveCfg = MinSizeRel|x64
		{3AB12809-F1DE-397D-A9AF-6323F5380DF3}.MinSizeRel|x64.Build.0 = MinSizeRel|x64
		{3AB12809-F1DE-397D-A9AF-6323F5380DF3}.RelWithDebInfo|x64.ActiveCfg = RelWithDebInfo|x64
		{3AB12809-F1DE-397D-A9AF-6323F5380DF3}.RelWithDebInfo|x64.Build.0 = RelWithDebInfo|x64
		{17F61D49-7BAE-3E87-BE8E-18FADFB1734B}.Debug|x64.ActiveCfg = Debug|x64
		{17F61D49-7BAE-3E87-BE8E-18FADFB1734B}.Debug|x64.Build.0 = Debug|x64
		{17F61D49-7BAE-3E87-BE8E-18FADFB1734B}.Release|x64.ActiveCfg = Release|x64
		{17F61D49-7BAE-3E87-BE8E-18FADFB1734B}.Release|x64.Build.0 = Release|x64
		{17F61D49-7BAE-3E87-BE8E-18FADFB1734B}.MinSizeRel|x64.ActiveCfg = MinSizeRel|x64
		{17F61D49-7BAE-3E87-BE8E-18FADFB1734B}.MinSizeRel|x64.Build.0 = MinSizeRel|x64
		{17F61D49-7BAE-3E87-BE8E-18FADFB1734B}.RelWithDebInfo|x64.ActiveCfg = RelWithDebInfo|x64
		{17F61D49-7BAE-3E87-BE8E-18FADFB1734B}.RelWithDebInfo|x64.Build.0 = RelWithDebInfo|x64
		{02615AA7-249E-36AE-9909-11F7AFCF8022}.Debug|x64.ActiveCfg = Debug|x64
		{02615AA7-249E-36AE-9909-11F7AFCF8022}.Debug|x64.Build.0 = Debug|x64
		{02615AA7-249E-36AE-9909-11F7AFCF8022}.Release|x64.ActiveCfg = Release|x64
		{02615AA7-249E-36AE-9909-11F7AFCF8022}.Release|x64.Build.0 = Release|x64
		{02615AA7-249E-36AE-9909-11F7AFCF8022}.MinSizeRel|x64.ActiveCfg = MinSizeRel|x64
		{02615AA7-249E-36AE-9909-11F7AFCF8022}.MinSizeRel|x64.Build.0 = MinSizeRel|x64
		{02615AA7-249E-36AE-9909-11F7AFCF8022}.RelWithDebInfo|x64.ActiveCfg = RelWithDebInfo|x64
		{02615AA7-249E-36AE-9909-11F7AFCF8022}.RelWithDebInfo|x64.Build.0 = RelWithDebInfo|x64
	EndGlobalSection
	GlobalSection(ExtensibilityGlobals) = postSolution
		SolutionGuid = {8A492C38-83CA-32BE-AD19-EC3F689B5883}
	EndGlobalSection
	GlobalSection(ExtensibilityAddIns) = postSolution
	EndGlobalSection
EndGlobal
