
Microsoft Visual Studio Solution File, Format Version 12.00
# Visual Studio Version 17
Project("{8BC9CEB8-8B4A-11D0-8D11-00A0C91BC942}") = "ALL_BUILD", "ALL_BUILD.vcxproj", "{66032C1C-6BF1-3C2C-9552-91E00521879C}"
	ProjectSection(ProjectDependencies) = postProject
		{ACF28E9A-9E88-36BF-A6EE-79261A739547} = {ACF28E9A-9E88-36BF-A6EE-79261A739547}
		{43239BB5-0058-35C4-9305-783F0B155BCF} = {43239BB5-0058-35C4-9305-783F0B155BCF}
		{36AF6A2F-D5EF-36EC-9FE7-3B8C9643EF43} = {36AF6A2F-D5EF-36EC-9FE7-3B8C9643EF43}
		{51B007D3-7417-3E71-B502-06FD4FB0BC20} = {51B007D3-7417-3E71-B502-06FD4FB0BC20}
		{ACA8CB8E-3298-3518-AC4F-4E69D410B0C8} = {ACA8CB8E-3298-3518-AC4F-4E69D410B0C8}
		{13DE59C7-2507-3181-B4EA-6D2C3220677E} = {13DE59C7-2507-3181-B4EA-6D2C3220677E}
		{B4A975AA-2F16-31F0-943D-2DE832E4A244} = {B4A975AA-2F16-31F0-943D-2DE832E4A244}
		{5C3C0BD9-0393-3418-B717-21BBAB6CCCA9} = {5C3C0BD9-0393-3418-B717-21BBAB6CCCA9}
		{E878A6B7-D2C6-3D41-AAB3-ED0D4D4FCCBF} = {E878A6B7-D2C6-3D41-AAB3-ED0D4D4FCCBF}
	EndProjectSection
EndProject
Project("{8BC9CEB8-8B4A-11D0-8D11-00A0C91BC942}") = "INSTALL", "INSTALL.vcxproj", "{D7FEE0BC-399E-3038-AD00-629B997DD9EF}"
	ProjectSection(ProjectDependencies) = postProject
		{66032C1C-6BF1-3C2C-9552-91E00521879C} = {66032C1C-6BF1-3C2C-9552-91E00521879C}
		{ACF28E9A-9E88-36BF-A6EE-79261A739547} = {ACF28E9A-9E88-36BF-A6EE-79261A739547}
	EndProjectSection
EndProject
Project("{8BC9CEB8-8B4A-11D0-8D11-00A0C91BC942}") = "ZERO_CHECK", "..\..\\ZERO_CHECK.vcxproj", "{ACF28E9A-9E88-36BF-A6EE-79261A739547}"
	ProjectSection(ProjectDependencies) = postProject
	EndProjectSection
EndProject
Project("{8BC9CEB8-8B4A-11D0-8D11-00A0C91BC942}") = "ascii_diag", "ascii_diag.vcxproj", "{43239BB5-0058-35C4-9305-783F0B155BCF}"
	ProjectSection(ProjectDependencies) = postProject
		{ACF28E9A-9E88-36BF-A6EE-79261A739547} = {ACF28E9A-9E88-36BF-A6EE-79261A739547}
		{E878A6B7-D2C6-3D41-AAB3-ED0D4D4FCCBF} = {E878A6B7-D2C6-3D41-AAB3-ED0D4D4FCCBF}
	EndProjectSection
EndProject
Project("{8BC9CEB8-8B4A-11D0-8D11-00A0C91BC942}") = "bigfont_test", "bigfont_test.vcxproj", "{36AF6A2F-D5EF-36EC-9FE7-3B8C9643EF43}"
	ProjectSection(ProjectDependencies) = postProject
		{ACF28E9A-9E88-36BF-A6EE-79261A739547} = {ACF28E9A-9E88-36BF-A6EE-79261A739547}
		{E878A6B7-D2C6-3D41-AAB3-ED0D4D4FCCBF} = {E878A6B7-D2C6-3D41-AAB3-ED0D4D4FCCBF}
	EndProjectSection
EndProject
Project("{8BC9CEB8-8B4A-11D0-8D11-00A0C91BC942}") = "chinese_test", "chinese_test.vcxproj", "{51B007D3-7417-3E71-B502-06FD4FB0BC20}"
	ProjectSection(ProjectDependencies) = postProject
		{ACF28E9A-9E88-36BF-A6EE-79261A739547} = {ACF28E9A-9E88-36BF-A6EE-79261A739547}
		{E878A6B7-D2C6-3D41-AAB3-ED0D4D4FCCBF} = {E878A6B7-D2C6-3D41-AAB3-ED0D4D4FCCBF}
	EndProjectSection
EndProject
Project("{8BC9CEB8-8B4A-11D0-8D11-00A0C91BC942}") = "dual_font_test", "dual_font_test.vcxproj", "{ACA8CB8E-3298-3518-AC4F-4E69D410B0C8}"
	ProjectSection(ProjectDependencies) = postProject
		{ACF28E9A-9E88-36BF-A6EE-79261A739547} = {ACF28E9A-9E88-36BF-A6EE-79261A739547}
		{E878A6B7-D2C6-3D41-AAB3-ED0D4D4FCCBF} = {E878A6B7-D2C6-3D41-AAB3-ED0D4D4FCCBF}
	EndProjectSection
EndProject
Project("{8BC9CEB8-8B4A-11D0-8D11-00A0C91BC942}") = "mixed_test", "mixed_test.vcxproj", "{13DE59C7-2507-3181-B4EA-6D2C3220677E}"
	ProjectSection(ProjectDependencies) = postProject
		{ACF28E9A-9E88-36BF-A6EE-79261A739547} = {ACF28E9A-9E88-36BF-A6EE-79261A739547}
		{E878A6B7-D2C6-3D41-AAB3-ED0D4D4FCCBF} = {E878A6B7-D2C6-3D41-AAB3-ED0D4D4FCCBF}
	EndProjectSection
EndProject
Project("{8BC9CEB8-8B4A-11D0-8D11-00A0C91BC942}") = "shx_example", "shx_example.vcxproj", "{B4A975AA-2F16-31F0-943D-2DE832E4A244}"
	ProjectSection(ProjectDependencies) = postProject
		{ACF28E9A-9E88-36BF-A6EE-79261A739547} = {ACF28E9A-9E88-36BF-A6EE-79261A739547}
		{E878A6B7-D2C6-3D41-AAB3-ED0D4D4FCCBF} = {E878A6B7-D2C6-3D41-AAB3-ED0D4D4FCCBF}
	EndProjectSection
EndProject
Project("{8BC9CEB8-8B4A-11D0-8D11-00A0C91BC942}") = "shx_test", "shx_test.vcxproj", "{5C3C0BD9-0393-3418-B717-21BBAB6CCCA9}"
	ProjectSection(ProjectDependencies) = postProject
		{ACF28E9A-9E88-36BF-A6EE-79261A739547} = {ACF28E9A-9E88-36BF-A6EE-79261A739547}
		{E878A6B7-D2C6-3D41-AAB3-ED0D4D4FCCBF} = {E878A6B7-D2C6-3D41-AAB3-ED0D4D4FCCBF}
	EndProjectSection
EndProject
Project("{8BC9CEB8-8B4A-11D0-8D11-00A0C91BC942}") = "shxparser", "shxparser.vcxproj", "{E878A6B7-D2C6-3D41-AAB3-ED0D4D4FCCBF}"
	ProjectSection(ProjectDependencies) = postProject
		{ACF28E9A-9E88-36BF-A6EE-79261A739547} = {ACF28E9A-9E88-36BF-A6EE-79261A739547}
	EndProjectSection
EndProject
Global
	GlobalSection(SolutionConfigurationPlatforms) = preSolution
		Debug|x64 = Debug|x64
		Release|x64 = Release|x64
		MinSizeRel|x64 = MinSizeRel|x64
		RelWithDebInfo|x64 = RelWithDebInfo|x64
	EndGlobalSection
	GlobalSection(ProjectConfigurationPlatforms) = postSolution
		{66032C1C-6BF1-3C2C-9552-91E00521879C}.Debug|x64.ActiveCfg = Debug|x64
		{66032C1C-6BF1-3C2C-9552-91E00521879C}.Debug|x64.Build.0 = Debug|x64
		{66032C1C-6BF1-3C2C-9552-91E00521879C}.Release|x64.ActiveCfg = Release|x64
		{66032C1C-6BF1-3C2C-9552-91E00521879C}.Release|x64.Build.0 = Release|x64
		{66032C1C-6BF1-3C2C-9552-91E00521879C}.MinSizeRel|x64.ActiveCfg = MinSizeRel|x64
		{66032C1C-6BF1-3C2C-9552-91E00521879C}.MinSizeRel|x64.Build.0 = MinSizeRel|x64
		{66032C1C-6BF1-3C2C-9552-91E00521879C}.RelWithDebInfo|x64.ActiveCfg = RelWithDebInfo|x64
		{66032C1C-6BF1-3C2C-9552-91E00521879C}.RelWithDebInfo|x64.Build.0 = RelWithDebInfo|x64
		{D7FEE0BC-399E-3038-AD00-629B997DD9EF}.Debug|x64.ActiveCfg = Debug|x64
		{D7FEE0BC-399E-3038-AD00-629B997DD9EF}.Release|x64.ActiveCfg = Release|x64
		{D7FEE0BC-399E-3038-AD00-629B997DD9EF}.MinSizeRel|x64.ActiveCfg = MinSizeRel|x64
		{D7FEE0BC-399E-3038-AD00-629B997DD9EF}.RelWithDebInfo|x64.ActiveCfg = RelWithDebInfo|x64
		{ACF28E9A-9E88-36BF-A6EE-79261A739547}.Debug|x64.ActiveCfg = Debug|x64
		{ACF28E9A-9E88-36BF-A6EE-79261A739547}.Debug|x64.Build.0 = Debug|x64
		{ACF28E9A-9E88-36BF-A6EE-79261A739547}.Release|x64.ActiveCfg = Release|x64
		{ACF28E9A-9E88-36BF-A6EE-79261A739547}.Release|x64.Build.0 = Release|x64
		{ACF28E9A-9E88-36BF-A6EE-79261A739547}.MinSizeRel|x64.ActiveCfg = MinSizeRel|x64
		{ACF28E9A-9E88-36BF-A6EE-79261A739547}.MinSizeRel|x64.Build.0 = MinSizeRel|x64
		{ACF28E9A-9E88-36BF-A6EE-79261A739547}.RelWithDebInfo|x64.ActiveCfg = RelWithDebInfo|x64
		{ACF28E9A-9E88-36BF-A6EE-79261A739547}.RelWithDebInfo|x64.Build.0 = RelWithDebInfo|x64
		{43239BB5-0058-35C4-9305-783F0B155BCF}.Debug|x64.ActiveCfg = Debug|x64
		{43239BB5-0058-35C4-9305-783F0B155BCF}.Debug|x64.Build.0 = Debug|x64
		{43239BB5-0058-35C4-9305-783F0B155BCF}.Release|x64.ActiveCfg = Release|x64
		{43239BB5-0058-35C4-9305-783F0B155BCF}.Release|x64.Build.0 = Release|x64
		{43239BB5-0058-35C4-9305-783F0B155BCF}.MinSizeRel|x64.ActiveCfg = MinSizeRel|x64
		{43239BB5-0058-35C4-9305-783F0B155BCF}.MinSizeRel|x64.Build.0 = MinSizeRel|x64
		{43239BB5-0058-35C4-9305-783F0B155BCF}.RelWithDebInfo|x64.ActiveCfg = RelWithDebInfo|x64
		{43239BB5-0058-35C4-9305-783F0B155BCF}.RelWithDebInfo|x64.Build.0 = RelWithDebInfo|x64
		{36AF6A2F-D5EF-36EC-9FE7-3B8C9643EF43}.Debug|x64.ActiveCfg = Debug|x64
		{36AF6A2F-D5EF-36EC-9FE7-3B8C9643EF43}.Debug|x64.Build.0 = Debug|x64
		{36AF6A2F-D5EF-36EC-9FE7-3B8C9643EF43}.Release|x64.ActiveCfg = Release|x64
		{36AF6A2F-D5EF-36EC-9FE7-3B8C9643EF43}.Release|x64.Build.0 = Release|x64
		{36AF6A2F-D5EF-36EC-9FE7-3B8C9643EF43}.MinSizeRel|x64.ActiveCfg = MinSizeRel|x64
		{36AF6A2F-D5EF-36EC-9FE7-3B8C9643EF43}.MinSizeRel|x64.Build.0 = MinSizeRel|x64
		{36AF6A2F-D5EF-36EC-9FE7-3B8C9643EF43}.RelWithDebInfo|x64.ActiveCfg = RelWithDebInfo|x64
		{36AF6A2F-D5EF-36EC-9FE7-3B8C9643EF43}.RelWithDebInfo|x64.Build.0 = RelWithDebInfo|x64
		{51B007D3-7417-3E71-B502-06FD4FB0BC20}.Debug|x64.ActiveCfg = Debug|x64
		{51B007D3-7417-3E71-B502-06FD4FB0BC20}.Debug|x64.Build.0 = Debug|x64
		{51B007D3-7417-3E71-B502-06FD4FB0BC20}.Release|x64.ActiveCfg = Release|x64
		{51B007D3-7417-3E71-B502-06FD4FB0BC20}.Release|x64.Build.0 = Release|x64
		{51B007D3-7417-3E71-B502-06FD4FB0BC20}.MinSizeRel|x64.ActiveCfg = MinSizeRel|x64
		{51B007D3-7417-3E71-B502-06FD4FB0BC20}.MinSizeRel|x64.Build.0 = MinSizeRel|x64
		{51B007D3-7417-3E71-B502-06FD4FB0BC20}.RelWithDebInfo|x64.ActiveCfg = RelWithDebInfo|x64
		{51B007D3-7417-3E71-B502-06FD4FB0BC20}.RelWithDebInfo|x64.Build.0 = RelWithDebInfo|x64
		{ACA8CB8E-3298-3518-AC4F-4E69D410B0C8}.Debug|x64.ActiveCfg = Debug|x64
		{ACA8CB8E-3298-3518-AC4F-4E69D410B0C8}.Debug|x64.Build.0 = Debug|x64
		{ACA8CB8E-3298-3518-AC4F-4E69D410B0C8}.Release|x64.ActiveCfg = Release|x64
		{ACA8CB8E-3298-3518-AC4F-4E69D410B0C8}.Release|x64.Build.0 = Release|x64
		{ACA8CB8E-3298-3518-AC4F-4E69D410B0C8}.MinSizeRel|x64.ActiveCfg = MinSizeRel|x64
		{ACA8CB8E-3298-3518-AC4F-4E69D410B0C8}.MinSizeRel|x64.Build.0 = MinSizeRel|x64
		{ACA8CB8E-3298-3518-AC4F-4E69D410B0C8}.RelWithDebInfo|x64.ActiveCfg = RelWithDebInfo|x64
		{ACA8CB8E-3298-3518-AC4F-4E69D410B0C8}.RelWithDebInfo|x64.Build.0 = RelWithDebInfo|x64
		{13DE59C7-2507-3181-B4EA-6D2C3220677E}.Debug|x64.ActiveCfg = Debug|x64
		{13DE59C7-2507-3181-B4EA-6D2C3220677E}.Debug|x64.Build.0 = Debug|x64
		{13DE59C7-2507-3181-B4EA-6D2C3220677E}.Release|x64.ActiveCfg = Release|x64
		{13DE59C7-2507-3181-B4EA-6D2C3220677E}.Release|x64.Build.0 = Release|x64
		{13DE59C7-2507-3181-B4EA-6D2C3220677E}.MinSizeRel|x64.ActiveCfg = MinSizeRel|x64
		{13DE59C7-2507-3181-B4EA-6D2C3220677E}.MinSizeRel|x64.Build.0 = MinSizeRel|x64
		{13DE59C7-2507-3181-B4EA-6D2C3220677E}.RelWithDebInfo|x64.ActiveCfg = RelWithDebInfo|x64
		{13DE59C7-2507-3181-B4EA-6D2C3220677E}.RelWithDebInfo|x64.Build.0 = RelWithDebInfo|x64
		{B4A975AA-2F16-31F0-943D-2DE832E4A244}.Debug|x64.ActiveCfg = Debug|x64
		{B4A975AA-2F16-31F0-943D-2DE832E4A244}.Debug|x64.Build.0 = Debug|x64
		{B4A975AA-2F16-31F0-943D-2DE832E4A244}.Release|x64.ActiveCfg = Release|x64
		{B4A975AA-2F16-31F0-943D-2DE832E4A244}.Release|x64.Build.0 = Release|x64
		{B4A975AA-2F16-31F0-943D-2DE832E4A244}.MinSizeRel|x64.ActiveCfg = MinSizeRel|x64
		{B4A975AA-2F16-31F0-943D-2DE832E4A244}.MinSizeRel|x64.Build.0 = MinSizeRel|x64
		{B4A975AA-2F16-31F0-943D-2DE832E4A244}.RelWithDebInfo|x64.ActiveCfg = RelWithDebInfo|x64
		{B4A975AA-2F16-31F0-943D-2DE832E4A244}.RelWithDebInfo|x64.Build.0 = RelWithDebInfo|x64
		{5C3C0BD9-0393-3418-B717-21BBAB6CCCA9}.Debug|x64.ActiveCfg = Debug|x64
		{5C3C0BD9-0393-3418-B717-21BBAB6CCCA9}.Debug|x64.Build.0 = Debug|x64
		{5C3C0BD9-0393-3418-B717-21BBAB6CCCA9}.Release|x64.ActiveCfg = Release|x64
		{5C3C0BD9-0393-3418-B717-21BBAB6CCCA9}.Release|x64.Build.0 = Release|x64
		{5C3C0BD9-0393-3418-B717-21BBAB6CCCA9}.MinSizeRel|x64.ActiveCfg = MinSizeRel|x64
		{5C3C0BD9-0393-3418-B717-21BBAB6CCCA9}.MinSizeRel|x64.Build.0 = MinSizeRel|x64
		{5C3C0BD9-0393-3418-B717-21BBAB6CCCA9}.RelWithDebInfo|x64.ActiveCfg = RelWithDebInfo|x64
		{5C3C0BD9-0393-3418-B717-21BBAB6CCCA9}.RelWithDebInfo|x64.Build.0 = RelWithDebInfo|x64
		{E878A6B7-D2C6-3D41-AAB3-ED0D4D4FCCBF}.Debug|x64.ActiveCfg = Debug|x64
		{E878A6B7-D2C6-3D41-AAB3-ED0D4D4FCCBF}.Debug|x64.Build.0 = Debug|x64
		{E878A6B7-D2C6-3D41-AAB3-ED0D4D4FCCBF}.Release|x64.ActiveCfg = Release|x64
		{E878A6B7-D2C6-3D41-AAB3-ED0D4D4FCCBF}.Release|x64.Build.0 = Release|x64
		{E878A6B7-D2C6-3D41-AAB3-ED0D4D4FCCBF}.MinSizeRel|x64.ActiveCfg = MinSizeRel|x64
		{E878A6B7-D2C6-3D41-AAB3-ED0D4D4FCCBF}.MinSizeRel|x64.Build.0 = MinSizeRel|x64
		{E878A6B7-D2C6-3D41-AAB3-ED0D4D4FCCBF}.RelWithDebInfo|x64.ActiveCfg = RelWithDebInfo|x64
		{E878A6B7-D2C6-3D41-AAB3-ED0D4D4FCCBF}.RelWithDebInfo|x64.Build.0 = RelWithDebInfo|x64
	EndGlobalSection
	GlobalSection(ExtensibilityGlobals) = postSolution
		SolutionGuid = {DAA65835-3388-3E62-A1AB-196A3C424473}
	EndGlobalSection
	GlobalSection(ExtensibilityAddIns) = postSolution
	EndGlobalSection
EndGlobal
